
Microsoft Visual Studio Solution File, Format Version 12.00
# Visual Studio Version 17
VisualStudioVersion = 17.5.33502.453
MinimumVisualStudioVersion = 10.0.40219.1
Project("{9A19103F-16F7-4668-BE54-9A1E7A4F7556}") = "task", "task.csproj", "{2B34CE4A-0144-427A-82C1-9AA1EEA4C993}"
EndProject
Global
	GlobalSection(SolutionConfigurationPlatforms) = preSolution
		Debug|Any CPU = Debug|Any CPU
		Release|Any CPU = Release|Any CPU
	EndGlobalSection
	GlobalSection(ProjectConfigurationPlatforms) = postSolution
		{2B34CE4A-0144-427A-82C1-9AA1EEA4C993}.Debug|Any CPU.ActiveCfg = Debug|Any CPU
		{2B34CE4A-0144-427A-82C1-9AA1EEA4C993}.Debug|Any CPU.Build.0 = Debug|Any CPU
		{2B34CE4A-0144-427A-82C1-9AA1EEA4C993}.Release|Any CPU.ActiveCfg = Release|Any CPU
		{2B34CE4A-0144-427A-82C1-9AA1EEA4C993}.Release|Any CPU.Build.0 = Release|Any CPU
	EndGlobalSection
	GlobalSection(SolutionProperties) = preSolution
		HideSolutionNode = FALSE
	EndGlobalSection
	GlobalSection(ExtensibilityGlobals) = postSolution
		SolutionGuid = {5F5288BD-7CB4-4BC5-923C-C0A638702738}
	EndGlobalSection
EndGlobal
